
Microsoft Visual Studio Solution File, Format Version 12.00
# Visual Studio Version 17
VisualStudioVersion = 17.7.34221.43
MinimumVisualStudioVersion = 10.0.40219.1
Project("{FAE04EC0-301F-11D3-BF4B-00C04F79EFBC}") = "PR19", "PR19\PR19.csproj", "{904F4C53-7F2C-4CB2-9F65-290C522B67FA}"
EndProject
Global
	GlobalSection(SolutionConfigurationPlatforms) = preSolution
		Debug|Any CPU = Debug|Any CPU
		Release|Any CPU = Release|Any CPU
	EndGlobalSection
	GlobalSection(ProjectConfigurationPlatforms) = postSolution
		{904F4C53-7F2C-4CB2-9F65-290C522B67FA}.Debug|Any CPU.ActiveCfg = Debug|Any CPU
		{904F4C53-7F2C-4CB2-9F65-290C522B67FA}.Debug|Any CPU.Build.0 = Debug|Any CPU
		{904F4C53-7F2C-4CB2-9F65-290C522B67FA}.Release|Any CPU.ActiveCfg = Release|Any CPU
		{904F4C53-7F2C-4CB2-9F65-290C522B67FA}.Release|Any CPU.Build.0 = Release|Any CPU
	EndGlobalSection
	GlobalSection(SolutionProperties) = preSolution
		HideSolutionNode = FALSE
	EndGlobalSection
	GlobalSection(ExtensibilityGlobals) = postSolution
		SolutionGuid = {ACD0B17F-3303-4299-861D-182621FB4379}
	EndGlobalSection
EndGlobal
